
Microsoft Visual Studio Solution File, Format Version 12.00
# Visual Studio Version 17
VisualStudioVersion = 17.0.32112.339
MinimumVisualStudioVersion = 10.0.40219.1
Project("{9A19103F-16F7-4668-BE54-9A1E7A4F7556}") = "HiFlyerWebApp", "HiFlyerWebApp\HiFlyerWebApp.csproj", "{2397F745-AAE4-4919-8EE0-3AB5EF684478}"
EndProject
Project("{9A19103F-16F7-4668-BE54-9A1E7A4F7556}") = "HiFlyerAPI", "HiFlyerAPI\HiFlyerAPI.csproj", "{B66F3622-3475-4128-A58B-ACFA521D2F64}"
EndProject
Project("{9A19103F-16F7-4668-BE54-9A1E7A4F7556}") = "HiFlyerClassLibrary", "HiFlyerClassLibrary\HiFlyerClassLibrary.csproj", "{AEAF2014-5C2D-49BA-9FDD-4C03CCAD0B3E}"
EndProject
Global
	GlobalSection(SolutionConfigurationPlatforms) = preSolution
		Debug|Any CPU = Debug|Any CPU
		Release|Any CPU = Release|Any CPU
	EndGlobalSection
	GlobalSection(ProjectConfigurationPlatforms) = postSolution
		{2397F745-AAE4-4919-8EE0-3AB5EF684478}.Debug|Any CPU.ActiveCfg = Debug|Any CPU
		{2397F745-AAE4-4919-8EE0-3AB5EF684478}.Debug|Any CPU.Build.0 = Debug|Any CPU
		{2397F745-AAE4-4919-8EE0-3AB5EF684478}.Release|Any CPU.ActiveCfg = Release|Any CPU
		{2397F745-AAE4-4919-8EE0-3AB5EF684478}.Release|Any CPU.Build.0 = Release|Any CPU
		{B66F3622-3475-4128-A58B-ACFA521D2F64}.Debug|Any CPU.ActiveCfg = Debug|Any CPU
		{B66F3622-3475-4128-A58B-ACFA521D2F64}.Debug|Any CPU.Build.0 = Debug|Any CPU
		{B66F3622-3475-4128-A58B-ACFA521D2F64}.Release|Any CPU.ActiveCfg = Release|Any CPU
		{B66F3622-3475-4128-A58B-ACFA521D2F64}.Release|Any CPU.Build.0 = Release|Any CPU
		{AEAF2014-5C2D-49BA-9FDD-4C03CCAD0B3E}.Debug|Any CPU.ActiveCfg = Debug|Any CPU
		{AEAF2014-5C2D-49BA-9FDD-4C03CCAD0B3E}.Debug|Any CPU.Build.0 = Debug|Any CPU
		{AEAF2014-5C2D-49BA-9FDD-4C03CCAD0B3E}.Release|Any CPU.ActiveCfg = Release|Any CPU
		{AEAF2014-5C2D-49BA-9FDD-4C03CCAD0B3E}.Release|Any CPU.Build.0 = Release|Any CPU
	EndGlobalSection
	GlobalSection(SolutionProperties) = preSolution
		HideSolutionNode = FALSE
	EndGlobalSection
	GlobalSection(ExtensibilityGlobals) = postSolution
		SolutionGuid = {7A8FD244-17E9-4C56-B82F-A7066C350624}
	EndGlobalSection
EndGlobal
